
Microsoft Visual Studio Solution File, Format Version 12.00
# Visual Studio Version 17
VisualStudioVersion = 17.2.32602.215
MinimumVisualStudioVersion = 10.0.40219.1
Project("{E24C65DC-7377-472B-9ABA-BC803B73C61A}") = "Chapter06", "..\..\..\..\..\Downloads\9781118846773_Csharp_Full_Download\Source\Chapter06\", "{10E4382F-2E6D-4949-A23E-7526C529831C}"
	ProjectSection(WebsiteProperties) = preProject
		TargetFrameworkMoniker = ".NETFramework,Version%3Dv4.5.1"
		Debug.AspNetCompiler.VirtualPath = "/localhost_61841"
		Debug.AspNetCompiler.PhysicalPath = "..\..\..\..\..\Downloads\9781118846773_Csharp_Full_Download\Source\Chapter06\"
		Debug.AspNetCompiler.TargetPath = "PrecompiledWeb\localhost_61841\"
		Debug.AspNetCompiler.Updateable = "true"
		Debug.AspNetCompiler.ForceOverwrite = "true"
		Debug.AspNetCompiler.FixedNames = "false"
		Debug.AspNetCompiler.Debug = "True"
		Release.AspNetCompiler.VirtualPath = "/localhost_61841"
		Release.AspNetCompiler.PhysicalPath = "..\..\..\..\..\Downloads\9781118846773_Csharp_Full_Download\Source\Chapter06\"
		Release.AspNetCompiler.TargetPath = "PrecompiledWeb\localhost_61841\"
		Release.AspNetCompiler.Updateable = "true"
		Release.AspNetCompiler.ForceOverwrite = "true"
		Release.AspNetCompiler.FixedNames = "false"
		Release.AspNetCompiler.Debug = "False"
		VWDPort = "61841"
		SlnRelativePath = "..\..\..\..\..\Downloads\9781118846773_Csharp_Full_Download\Source\Chapter06\"
	EndProjectSection
EndProject
Global
	GlobalSection(SolutionConfigurationPlatforms) = preSolution
		Debug|Any CPU = Debug|Any CPU
	EndGlobalSection
	GlobalSection(ProjectConfigurationPlatforms) = postSolution
		{10E4382F-2E6D-4949-A23E-7526C529831C}.Debug|Any CPU.ActiveCfg = Debug|Any CPU
		{10E4382F-2E6D-4949-A23E-7526C529831C}.Debug|Any CPU.Build.0 = Debug|Any CPU
	EndGlobalSection
	GlobalSection(SolutionProperties) = preSolution
		HideSolutionNode = FALSE
	EndGlobalSection
	GlobalSection(ExtensibilityGlobals) = postSolution
		SolutionGuid = {0F8DA89D-5FD2-40F2-BD47-D4E398BD7094}
	EndGlobalSection
EndGlobal
