
Microsoft Visual Studio Solution File, Format Version 12.00
# Visual Studio Version 17
VisualStudioVersion = 17.2.32602.215
MinimumVisualStudioVersion = 10.0.40219.1
Project("{FAE04EC0-301F-11D3-BF4B-00C04F79EFBC}") = "Site", "site\Site.csproj", "{4D3F5ECC-6F26-44B9-91B2-552B9F2ACC15}"
EndProject
Global
	GlobalSection(SolutionConfigurationPlatforms) = preSolution
		Debug|Any CPU = Debug|Any CPU
		Release|Any CPU = Release|Any CPU
	EndGlobalSection
	GlobalSection(ProjectConfigurationPlatforms) = postSolution
		{4D3F5ECC-6F26-44B9-91B2-552B9F2ACC15}.Debug|Any CPU.ActiveCfg = Debug|Any CPU
		{4D3F5ECC-6F26-44B9-91B2-552B9F2ACC15}.Debug|Any CPU.Build.0 = Debug|Any CPU
		{4D3F5ECC-6F26-44B9-91B2-552B9F2ACC15}.Release|Any CPU.ActiveCfg = Release|Any CPU
		{4D3F5ECC-6F26-44B9-91B2-552B9F2ACC15}.Release|Any CPU.Build.0 = Release|Any CPU
	EndGlobalSection
	GlobalSection(SolutionProperties) = preSolution
		HideSolutionNode = FALSE
	EndGlobalSection
	GlobalSection(ExtensibilityGlobals) = postSolution
		SolutionGuid = {A5EC8BDE-56A4-44AC-8158-CFEB6B66594A}
	EndGlobalSection
EndGlobal
